id: 32
name: fbContentBlock
description: ''
category: o_formblocks
properties: 'a:2:{s:13:"elementStatus";a:7:{s:4:"name";s:13:"elementStatus";s:4:"desc";s:0:"";s:4:"type";s:9:"textfield";s:7:"options";a:0:{}s:5:"value";s:5:"solid";s:7:"lexicon";s:20:"romanesco:properties";s:4:"area";s:0:"";}s:14:"elementPreview";a:7:{s:4:"name";s:14:"elementPreview";s:4:"desc";s:0:"";s:4:"type";s:9:"textfield";s:7:"options";a:0:{}s:5:"value";s:0:"";s:7:"lexicon";s:20:"romanesco:properties";s:4:"area";s:0:"";}}'

-----

[[[[If?
    &subject=`[[+multiple_steps]]`
    &operator=`notempty`
    &then=`$fbPrepareSteps`
]]]]

[[[[++formblocks.ajax_mode:eq=`1`:then=``:else=`!`]]$fbRenderFormWrapper?
    &form_id=`[[+form_id]]`
    &current_id=`[[*id]]`
    &current_pagetitle=`[[*pagetitle]]`
    &current_menutitle=`[[*menutitle]]`
    &form_size=`[[+form_size]]`
    &form_layout=`[[+form_layout]]`
    &segment_type=`[[+segment_type]]`
    &padding=`[[+padding]]`

    &button_type=`[[+button_type]]`
    &button_size=`[[+button_size]]`
    &button_alignment=`[[+button_alignment]]`

    &multiple_steps=`[[+multiple_steps:empty=``]]`
    &prev_steps=`[[+section.1:empty=``]]`
    &next_steps=`[[+section.2:empty=``]]`
    &prev_forms=`[[+prev_forms:empty=``]]`
    &next_forms=`[[+next_forms:empty=``]]`
    &prev_step=`[[+prev_steps.last:empty=``]]`
    &next_step=`[[+next_steps.first:empty=``]]`
    &first_step=`[[+step.first:empty=``]]`
    &last_step=`[[+step.last:empty=``]]`
    &redirect_id=`[[+redirect_id:empty=``]]`
]]